{
  "name": "objection-esm-migration",
  "lockfileVersion": 3,
  "requires": true,
  "packages": {
    "": {
      "name": "objection-esm-migration",
      "dependencies": {
        "acorn": "8.19.0",
        "db-errors": "0.2.3",
        "magic-string": "1.4.3",
        "peggy": "5.1.0",
        "prettier": "3.9.9"
      },
      "engines": {
        "node": ">=20.19.0"
      }
    },
    "node_modules/@jridgewell/sourcemap-codec": {
      "version": "1.6.0",
      "resolved": "https://registry.npmjs.org/@jridgewell/sourcemap-codec/-/sourcemap-codec-1.6.0.tgz",
      "integrity": "sha512-T7jf+5zgsZHwNJ4lvQ7/aezbyk0nNX+zJVWpmHA7VYsEx7a7qr5Rg5IbtJFqkgze5Y2sruq1RUY8Q837Od7iFw==",
      "license": "MIT"
    },
    "node_modules/@peggyjs/from-mem": {
      "version": "3.1.3",
      "resolved": "https://registry.npmjs.org/@peggyjs/from-mem/-/from-mem-3.1.3.tgz",
      "integrity": "sha512-LLlgtfXIaeYXoOYovOI0spLM8ZXaqkAlmcRRrLzHJzLMqkU6Sw0R4KMoCoHx1PjaP815pSCBlS+BN6aD8t1Jgg==",
      "license": "MIT",
      "dependencies": {
        "semver": "7.7.4"
      },
      "engines": {
        "node": ">=20.8"
      }
    },
    "node_modules/acorn": {
      "version": "8.19.0",
      "resolved": "https://registry.npmjs.org/acorn/-/acorn-8.19.0.tgz",
      "integrity": "sha512-oJlA3XiRm7Cyk6qFD2Jn8ak9B7jSy0qy00ADO3+8dpT0LSjFihQYv4C02LFCSYJV3Q37xYwwRy5m+IpIiUzqWw==",
      "license": "MIT",
      "bin": {
        "acorn": "bin/acorn"
      },
      "engines": {
        "node": ">=0.4.0"
      }
    },
    "node_modules/commander": {
      "version": "14.0.3",
      "resolved": "https://registry.npmjs.org/commander/-/commander-14.0.3.tgz",
      "integrity": "sha512-H+y0Jo/T1RZ9qPP4Eh1pkcQcLRglraJaSLoyOtHxu6AapkjWVCy2Sit1QQ4x3Dng8qDlSsZEet7g5Pq06MvTgw==",
      "license": "MIT",
      "engines": {
        "node": ">=20"
      }
    },
    "node_modules/db-errors": {
      "version": "0.2.3",
      "resolved": "https://registry.npmjs.org/db-errors/-/db-errors-0.2.3.tgz",
      "integrity": "sha512-OOgqgDuCavHXjYSJoV2yGhv6SeG8nk42aoCSoyXLZUH7VwFG27rxbavU1z+VrZbZjphw5UkDQwUlD21MwZpUng==",
      "license": "MIT"
    },
    "node_modules/magic-string": {
      "version": "1.4.3",
      "resolved": "https://registry.npmjs.org/magic-string/-/magic-string-1.4.3.tgz",
      "integrity": "sha512-z12OxmaPGE0F4xlpGdjuAUckipLpQlTAuAmyGhNoD7ODpYUzvDfvtxUbjM/jwznyP178oju/KDdyi220wNJ0RQ==",
      "license": "MIT",
      "dependencies": {
        "@jridgewell/sourcemap-codec": "^1.6.0"
      }
    },
    "node_modules/peggy": {
      "version": "5.1.0",
      "resolved": "https://registry.npmjs.org/peggy/-/peggy-5.1.0.tgz",
      "integrity": "sha512-IEo5aYRZ2kXH4Qby06cjtL114PZnwLoTiA41vUmg2vPZgANn+c87m5BUurhuDr5/cu758ZlpgsAfBVx+hhO5+w==",
      "license": "MIT",
      "dependencies": {
        "@peggyjs/from-mem": "3.1.3",
        "commander": "^14.0.3",
        "source-map-generator": "2.0.6"
      },
      "bin": {
        "peggy": "bin/peggy.js"
      },
      "engines": {
        "node": ">=20"
      }
    },
    "node_modules/prettier": {
      "version": "3.9.9",
      "resolved": "https://registry.npmjs.org/prettier/-/prettier-3.9.9.tgz",
      "integrity": "sha512-Z/CJHIkdujO/OtN7nXUii0Rf3VT5SRuhjBA82Xvu2XhBUgX3nhP67T0LHceBdQLex7OOFGTox+Q5Yg8Jk2Qivg==",
      "license": "MIT",
      "bin": {
        "prettier": "bin/prettier.cjs"
      },
      "engines": {
        "node": ">=14"
      },
      "funding": {
        "url": "https://github.com/prettier/prettier?sponsor=1"
      }
    },
    "node_modules/semver": {
      "version": "7.7.4",
      "resolved": "https://registry.npmjs.org/semver/-/semver-7.7.4.tgz",
      "integrity": "sha512-vFKC2IEtQnVhpT78h1Yp8wzwrf8CM+MzKMHGJZfBtzhZNycRFnXsHk6E5TxIkkMsgNS7mdX3AGB7x2QM2di4lA==",
      "license": "ISC",
      "bin": {
        "semver": "bin/semver.js"
      },
      "engines": {
        "node": ">=10"
      }
    },
    "node_modules/source-map-generator": {
      "version": "2.0.6",
      "resolved": "https://registry.npmjs.org/source-map-generator/-/source-map-generator-2.0.6.tgz",
      "integrity": "sha512-IlassDs1Ve8nV6uyQZXF9kdkJpVKnMte2JZQXu13M0A5zwc+vu6+LNHfmxsHBMDtoZE21RHiKI0/xvpecZRCNg==",
      "license": "BSD-3-Clause",
      "engines": {
        "node": ">=20"
      }
    }
  }
}
